// !$*UTF8*$!
{
	archiveVersion = 1;
	classes = {
	};
	objectVersion = 50;
	objects = {

/* Begin PBXBuildFile section */
		D3199D99266A9AC400DA4A7A /* Colors.xcassets in Resources */ = {isa = PBXBuildFile; fileRef = D3199D98266A9AC400DA4A7A /* Colors.xcassets */; };
		D3596FFF266969A500AC2CCB /* IronFistController.swift in Sources */ = {isa = PBXBuildFile; fileRef = D3596FFD266969A500AC2CCB /* IronFistController.swift */; };
		D3597000266969A500AC2CCB /* TimerProgressCircle.swift in Sources */ = {isa = PBXBuildFile; fileRef = D3596FFE266969A500AC2CCB /* TimerProgressCircle.swift */; };
		D3597002266969BC00AC2CCB /* CircleState.swift in Sources */ = {isa = PBXBuildFile; fileRef = D3597001266969BB00AC2CCB /* CircleState.swift */; };
		D3597004266969C700AC2CCB /* Formatters.swift in Sources */ = {isa = PBXBuildFile; fileRef = D3597003266969C700AC2CCB /* Formatters.swift */; };
		D359700726696AC700AC2CCB /* TimerView.swift in Sources */ = {isa = PBXBuildFile; fileRef = D359700626696AC700AC2CCB /* TimerView.swift */; };
		D35F4954265E9DE50066FBE4 /* Localizable.strings in Resources */ = {isa = PBXBuildFile; fileRef = D35F4956265E9DE50066FBE4 /* Localizable.strings */; };
		D3B6492E265BF1DB00FC88E4 /* SettingsView.swift in Sources */ = {isa = PBXBuildFile; fileRef = D3B6492D265BF1DB00FC88E4 /* SettingsView.swift */; };
		D3C7B81C2661905A003831A7 /* GroupedListHeader.swift in Sources */ = {isa = PBXBuildFile; fileRef = D3C7B81B2661905A003831A7 /* GroupedListHeader.swift */; };
		D3C7B81E26619190003831A7 /* IronFistRow.swift in Sources */ = {isa = PBXBuildFile; fileRef = D3C7B81D26619190003831A7 /* IronFistRow.swift */; };
		D3D0BD5526587EE400CDF718 /* Assets.xcassets in Resources */ = {isa = PBXBuildFile; fileRef = D3D0BD5426587EE400CDF718 /* Assets.xcassets */; };
		D3D0BD5826587EE400CDF718 /* Preview Assets.xcassets in Resources */ = {isa = PBXBuildFile; fileRef = D3D0BD5726587EE400CDF718 /* Preview Assets.xcassets */; };
		D3D0BD6626587F1500CDF718 /* ContentView.swift in Sources */ = {isa = PBXBuildFile; fileRef = D3D0BD5F26587F1500CDF718 /* ContentView.swift */; };
		D3D0BD6826587F1500CDF718 /* IronFist.json in Resources */ = {isa = PBXBuildFile; fileRef = D3D0BD6126587F1500CDF718 /* IronFist.json */; };
		D3D0BD6926587F1500CDF718 /* IronFistApp.swift in Sources */ = {isa = PBXBuildFile; fileRef = D3D0BD6226587F1500CDF718 /* IronFistApp.swift */; };
		D3D0BD6A26587F1500CDF718 /* IronFist.swift in Sources */ = {isa = PBXBuildFile; fileRef = D3D0BD6326587F1500CDF718 /* IronFist.swift */; };
		D3D0BD6C26587F1500CDF718 /* Bundle+Extensions.swift in Sources */ = {isa = PBXBuildFile; fileRef = D3D0BD6526587F1500CDF718 /* Bundle+Extensions.swift */; };
/* End PBXBuildFile section */

/* Begin PBXFileReference section */
		D3199D98266A9AC400DA4A7A /* Colors.xcassets */ = {isa = PBXFileReference; lastKnownFileType = folder.assetcatalog; path = Colors.xcassets; sourceTree = "<group>"; };
		D3596FFD266969A500AC2CCB /* IronFistController.swift */ = {isa = PBXFileReference; fileEncoding = 4; lastKnownFileType = sourcecode.swift; path = IronFistController.swift; sourceTree = "<group>"; };
		D3596FFE266969A500AC2CCB /* TimerProgressCircle.swift */ = {isa = PBXFileReference; fileEncoding = 4; lastKnownFileType = sourcecode.swift; path = TimerProgressCircle.swift; sourceTree = "<group>"; };
		D3597001266969BB00AC2CCB /* CircleState.swift */ = {isa = PBXFileReference; fileEncoding = 4; lastKnownFileType = sourcecode.swift; path = CircleState.swift; sourceTree = "<group>"; };
		D3597003266969C700AC2CCB /* Formatters.swift */ = {isa = PBXFileReference; fileEncoding = 4; lastKnownFileType = sourcecode.swift; path = Formatters.swift; sourceTree = "<group>"; };
		D359700626696AC700AC2CCB /* TimerView.swift */ = {isa = PBXFileReference; lastKnownFileType = sourcecode.swift; path = TimerView.swift; sourceTree = "<group>"; };
		D35EEBE3265B0C0F008CE2E2 /* App-Debug.xcconfig */ = {isa = PBXFileReference; lastKnownFileType = text.xcconfig; path = "App-Debug.xcconfig"; sourceTree = "<group>"; };
		D35EEBE4265B0C0F008CE2E2 /* App-Release.xcconfig */ = {isa = PBXFileReference; lastKnownFileType = text.xcconfig; path = "App-Release.xcconfig"; sourceTree = "<group>"; };
		D35EEBE5265B0C0F008CE2E2 /* 2Common.xcconfig */ = {isa = PBXFileReference; lastKnownFileType = text.xcconfig; path = 2Common.xcconfig; sourceTree = "<group>"; };
		D35EEBE6265B0C0F008CE2E2 /* App-Shared.xcconfig */ = {isa = PBXFileReference; lastKnownFileType = text.xcconfig; path = "App-Shared.xcconfig"; sourceTree = "<group>"; };
		D35EEBE7265B0C0F008CE2E2 /* 1XcodeWarnings.xcconfig */ = {isa = PBXFileReference; lastKnownFileType = text.xcconfig; path = 1XcodeWarnings.xcconfig; sourceTree = "<group>"; };
		D35F4955265E9DE50066FBE4 /* en */ = {isa = PBXFileReference; lastKnownFileType = text.plist.strings; name = en; path = en.lproj/Localizable.strings; sourceTree = "<group>"; };
		D35F4957265E9DE70066FBE4 /* es */ = {isa = PBXFileReference; lastKnownFileType = text.plist.strings; name = es; path = es.lproj/Localizable.strings; sourceTree = "<group>"; };
		D3B6492D265BF1DB00FC88E4 /* SettingsView.swift */ = {isa = PBXFileReference; lastKnownFileType = sourcecode.swift; path = SettingsView.swift; sourceTree = "<group>"; };
		D3C7B81B2661905A003831A7 /* GroupedListHeader.swift */ = {isa = PBXFileReference; lastKnownFileType = sourcecode.swift; path = GroupedListHeader.swift; sourceTree = "<group>"; };
		D3C7B81D26619190003831A7 /* IronFistRow.swift */ = {isa = PBXFileReference; lastKnownFileType = sourcecode.swift; path = IronFistRow.swift; sourceTree = "<group>"; };
		D3D0BD4D26587EE300CDF718 /* IronFist.app */ = {isa = PBXFileReference; explicitFileType = wrapper.application; includeInIndex = 0; path = IronFist.app; sourceTree = BUILT_PRODUCTS_DIR; };
		D3D0BD5426587EE400CDF718 /* Assets.xcassets */ = {isa = PBXFileReference; lastKnownFileType = folder.assetcatalog; path = Assets.xcassets; sourceTree = "<group>"; };
		D3D0BD5726587EE400CDF718 /* Preview Assets.xcassets */ = {isa = PBXFileReference; lastKnownFileType = folder.assetcatalog; path = "Preview Assets.xcassets"; sourceTree = "<group>"; };
		D3D0BD5926587EE400CDF718 /* Info.plist */ = {isa = PBXFileReference; lastKnownFileType = text.plist.xml; path = Info.plist; sourceTree = "<group>"; };
		D3D0BD5F26587F1500CDF718 /* ContentView.swift */ = {isa = PBXFileReference; fileEncoding = 4; lastKnownFileType = sourcecode.swift; path = ContentView.swift; sourceTree = "<group>"; };
		D3D0BD6126587F1500CDF718 /* IronFist.json */ = {isa = PBXFileReference; fileEncoding = 4; lastKnownFileType = text.json; path = IronFist.json; sourceTree = "<group>"; wrapsLines = 0; };
		D3D0BD6226587F1500CDF718 /* IronFistApp.swift */ = {isa = PBXFileReference; fileEncoding = 4; lastKnownFileType = sourcecode.swift; path = IronFistApp.swift; sourceTree = "<group>"; };
		D3D0BD6326587F1500CDF718 /* IronFist.swift */ = {isa = PBXFileReference; fileEncoding = 4; lastKnownFileType = sourcecode.swift; path = IronFist.swift; sourceTree = "<group>"; };
		D3D0BD6526587F1500CDF718 /* Bundle+Extensions.swift */ = {isa = PBXFileReference; fileEncoding = 4; lastKnownFileType = sourcecode.swift; path = "Bundle+Extensions.swift"; sourceTree = "<group>"; };
/* End PBXFileReference section */

/* Begin PBXFrameworksBuildPhase section */
		D3D0BD4A26587EE300CDF718 /* Frameworks */ = {
			isa = PBXFrameworksBuildPhase;
			buildActionMask = 2147483647;
			files = (
			);
			runOnlyForDeploymentPostprocessing = 0;
		};
/* End PBXFrameworksBuildPhase section */

/* Begin PBXGroup section */
		D359700526696AA000AC2CCB /* TimerViews */ = {
			isa = PBXGroup;
			children = (
				D359700626696AC700AC2CCB /* TimerView.swift */,
				D3596FFE266969A500AC2CCB /* TimerProgressCircle.swift */,
				D3597001266969BB00AC2CCB /* CircleState.swift */,
			);
			path = TimerViews;
			sourceTree = "<group>";
		};
		D35EEBE2265B0C0F008CE2E2 /* XCConfig */ = {
			isa = PBXGroup;
			children = (
				D35EEBE7265B0C0F008CE2E2 /* 1XcodeWarnings.xcconfig */,
				D35EEBE5265B0C0F008CE2E2 /* 2Common.xcconfig */,
				D35EEBE3265B0C0F008CE2E2 /* App-Debug.xcconfig */,
				D35EEBE4265B0C0F008CE2E2 /* App-Release.xcconfig */,
				D35EEBE6265B0C0F008CE2E2 /* App-Shared.xcconfig */,
			);
			path = XCConfig;
			sourceTree = "<group>";
		};
		D3931E3C2671011A00B54938 /* Model */ = {
			isa = PBXGroup;
			children = (
				D3D0BD6126587F1500CDF718 /* IronFist.json */,
				D3D0BD6326587F1500CDF718 /* IronFist.swift */,
				D3596FFD266969A500AC2CCB /* IronFistController.swift */,
			);
			path = Model;
			sourceTree = "<group>";
		};
		D3931E3D2671014F00B54938 /* MainView */ = {
			isa = PBXGroup;
			children = (
				D3D0BD5F26587F1500CDF718 /* ContentView.swift */,
				D3C7B81D26619190003831A7 /* IronFistRow.swift */,
				D3C7B81B2661905A003831A7 /* GroupedListHeader.swift */,
			);
			path = MainView;
			sourceTree = "<group>";
		};
		D3931E3E2671015D00B54938 /* Settings */ = {
			isa = PBXGroup;
			children = (
				D3B6492D265BF1DB00FC88E4 /* SettingsView.swift */,
			);
			path = Settings;
			sourceTree = "<group>";
		};
		D3931E3F2671016700B54938 /* Extensions */ = {
			isa = PBXGroup;
			children = (
				D3D0BD6526587F1500CDF718 /* Bundle+Extensions.swift */,
				D3597003266969C700AC2CCB /* Formatters.swift */,
			);
			path = Extensions;
			sourceTree = "<group>";
		};
		D3D0BD4426587EE300CDF718 = {
			isa = PBXGroup;
			children = (
				D35EEBE2265B0C0F008CE2E2 /* XCConfig */,
				D3D0BD4F26587EE300CDF718 /* IronFist */,
				D3D0BD4E26587EE300CDF718 /* Products */,
			);
			sourceTree = "<group>";
		};
		D3D0BD4E26587EE300CDF718 /* Products */ = {
			isa = PBXGroup;
			children = (
				D3D0BD4D26587EE300CDF718 /* IronFist.app */,
			);
			name = Products;
			sourceTree = "<group>";
		};
		D3D0BD4F26587EE300CDF718 /* IronFist */ = {
			isa = PBXGroup;
			children = (
				D3D0BD6226587F1500CDF718 /* IronFistApp.swift */,
				D3931E3D2671014F00B54938 /* MainView */,
				D3931E3E2671015D00B54938 /* Settings */,
				D3931E3C2671011A00B54938 /* Model */,
				D359700526696AA000AC2CCB /* TimerViews */,
				D3931E3F2671016700B54938 /* Extensions */,
				D3D0BD5426587EE400CDF718 /* Assets.xcassets */,
				D3199D98266A9AC400DA4A7A /* Colors.xcassets */,
				D35F4956265E9DE50066FBE4 /* Localizable.strings */,
				D3D0BD5926587EE400CDF718 /* Info.plist */,
				D3D0BD5626587EE400CDF718 /* Preview Content */,
			);
			path = IronFist;
			sourceTree = "<group>";
		};
		D3D0BD5626587EE400CDF718 /* Preview Content */ = {
			isa = PBXGroup;
			children = (
				D3D0BD5726587EE400CDF718 /* Preview Assets.xcassets */,
			);
			path = "Preview Content";
			sourceTree = "<group>";
		};
/* End PBXGroup section */

/* Begin PBXNativeTarget section */
		D3D0BD4C26587EE300CDF718 /* IronFist */ = {
			isa = PBXNativeTarget;
			buildConfigurationList = D3D0BD5C26587EE400CDF718 /* Build configuration list for PBXNativeTarget "IronFist" */;
			buildPhases = (
				D3D0BD4926587EE300CDF718 /* Sources */,
				D3D0BD4A26587EE300CDF718 /* Frameworks */,
				D3D0BD4B26587EE300CDF718 /* Resources */,
			);
			buildRules = (
			);
			dependencies = (
			);
			name = IronFist;
			productName = IronFist;
			productReference = D3D0BD4D26587EE300CDF718 /* IronFist.app */;
			productType = "com.apple.product-type.application";
		};
/* End PBXNativeTarget section */

/* Begin PBXProject section */
		D3D0BD4526587EE300CDF718 /* Project object */ = {
			isa = PBXProject;
			attributes = {
				LastSwiftUpdateCheck = 1250;
				LastUpgradeCheck = 1300;
				TargetAttributes = {
					D3D0BD4C26587EE300CDF718 = {
						CreatedOnToolsVersion = 12.5;
						LastSwiftMigration = 1250;
					};
				};
			};
			buildConfigurationList = D3D0BD4826587EE300CDF718 /* Build configuration list for PBXProject "IronFist" */;
			compatibilityVersion = "Xcode 9.3";
			developmentRegion = en;
			hasScannedForEncodings = 0;
			knownRegions = (
				en,
				Base,
				es,
			);
			mainGroup = D3D0BD4426587EE300CDF718;
			productRefGroup = D3D0BD4E26587EE300CDF718 /* Products */;
			projectDirPath = "";
			projectRoot = "";
			targets = (
				D3D0BD4C26587EE300CDF718 /* IronFist */,
			);
		};
/* End PBXProject section */

/* Begin PBXResourcesBuildPhase section */
		D3D0BD4B26587EE300CDF718 /* Resources */ = {
			isa = PBXResourcesBuildPhase;
			buildActionMask = 2147483647;
			files = (
				D3199D99266A9AC400DA4A7A /* Colors.xcassets in Resources */,
				D35F4954265E9DE50066FBE4 /* Localizable.strings in Resources */,
				D3D0BD5826587EE400CDF718 /* Preview Assets.xcassets in Resources */,
				D3D0BD6826587F1500CDF718 /* IronFist.json in Resources */,
				D3D0BD5526587EE400CDF718 /* Assets.xcassets in Resources */,
			);
			runOnlyForDeploymentPostprocessing = 0;
		};
/* End PBXResourcesBuildPhase section */

/* Begin PBXSourcesBuildPhase section */
		D3D0BD4926587EE300CDF718 /* Sources */ = {
			isa = PBXSourcesBuildPhase;
			buildActionMask = 2147483647;
			files = (
				D3D0BD6926587F1500CDF718 /* IronFistApp.swift in Sources */,
				D3D0BD6C26587F1500CDF718 /* Bundle+Extensions.swift in Sources */,
				D3596FFF266969A500AC2CCB /* IronFistController.swift in Sources */,
				D3C7B81E26619190003831A7 /* IronFistRow.swift in Sources */,
				D3D0BD6626587F1500CDF718 /* ContentView.swift in Sources */,
				D359700726696AC700AC2CCB /* TimerView.swift in Sources */,
				D3B6492E265BF1DB00FC88E4 /* SettingsView.swift in Sources */,
				D3597004266969C700AC2CCB /* Formatters.swift in Sources */,
				D3D0BD6A26587F1500CDF718 /* IronFist.swift in Sources */,
				D3597002266969BC00AC2CCB /* CircleState.swift in Sources */,
				D3597000266969A500AC2CCB /* TimerProgressCircle.swift in Sources */,
				D3C7B81C2661905A003831A7 /* GroupedListHeader.swift in Sources */,
			);
			runOnlyForDeploymentPostprocessing = 0;
		};
/* End PBXSourcesBuildPhase section */

/* Begin PBXVariantGroup section */
		D35F4956265E9DE50066FBE4 /* Localizable.strings */ = {
			isa = PBXVariantGroup;
			children = (
				D35F4955265E9DE50066FBE4 /* en */,
				D35F4957265E9DE70066FBE4 /* es */,
			);
			name = Localizable.strings;
			sourceTree = "<group>";
		};
/* End PBXVariantGroup section */

/* Begin XCBuildConfiguration section */
		D3D0BD5A26587EE400CDF718 /* Debug */ = {
			isa = XCBuildConfiguration;
			buildSettings = {
			};
			name = Debug;
		};
		D3D0BD5B26587EE400CDF718 /* Release */ = {
			isa = XCBuildConfiguration;
			buildSettings = {
			};
			name = Release;
		};
		D3D0BD5D26587EE400CDF718 /* Debug */ = {
			isa = XCBuildConfiguration;
			baseConfigurationReference = D35EEBE3265B0C0F008CE2E2 /* App-Debug.xcconfig */;
			buildSettings = {
			};
			name = Debug;
		};
		D3D0BD5E26587EE400CDF718 /* Release */ = {
			isa = XCBuildConfiguration;
			baseConfigurationReference = D35EEBE4265B0C0F008CE2E2 /* App-Release.xcconfig */;
			buildSettings = {
			};
			name = Release;
		};
/* End XCBuildConfiguration section */

/* Begin XCConfigurationList section */
		D3D0BD4826587EE300CDF718 /* Build configuration list for PBXProject "IronFist" */ = {
			isa = XCConfigurationList;
			buildConfigurations = (
				D3D0BD5A26587EE400CDF718 /* Debug */,
				D3D0BD5B26587EE400CDF718 /* Release */,
			);
			defaultConfigurationIsVisible = 0;
			defaultConfigurationName = Release;
		};
		D3D0BD5C26587EE400CDF718 /* Build configuration list for PBXNativeTarget "IronFist" */ = {
			isa = XCConfigurationList;
			buildConfigurations = (
				D3D0BD5D26587EE400CDF718 /* Debug */,
				D3D0BD5E26587EE400CDF718 /* Release */,
			);
			defaultConfigurationIsVisible = 0;
			defaultConfigurationName = Release;
		};
/* End XCConfigurationList section */
	};
	rootObject = D3D0BD4526587EE300CDF718 /* Project object */;
}
