// !$*UTF8*$!
{
	archiveVersion = 1;
	classes = {
	};
	objectVersion = 50;
	objects = {

/* Begin PBXBuildFile section */
		D3833DF526595C37006C6867 /* IronFistTest.json in Resources */ = {isa = PBXBuildFile; fileRef = D3833DF426595C37006C6867 /* IronFistTest.json */; };
		D3B6492E265BF1DB00FC88E4 /* SettingsView.swift in Sources */ = {isa = PBXBuildFile; fileRef = D3B6492D265BF1DB00FC88E4 /* SettingsView.swift */; };
		D3D0BD5526587EE400CDF718 /* Assets.xcassets in Resources */ = {isa = PBXBuildFile; fileRef = D3D0BD5426587EE400CDF718 /* Assets.xcassets */; };
		D3D0BD5826587EE400CDF718 /* Preview Assets.xcassets in Resources */ = {isa = PBXBuildFile; fileRef = D3D0BD5726587EE400CDF718 /* Preview Assets.xcassets */; };
		D3D0BD6626587F1500CDF718 /* ContentView.swift in Sources */ = {isa = PBXBuildFile; fileRef = D3D0BD5F26587F1500CDF718 /* ContentView.swift */; };
		D3D0BD6726587F1500CDF718 /* IronFistController.swift in Sources */ = {isa = PBXBuildFile; fileRef = D3D0BD6026587F1500CDF718 /* IronFistController.swift */; };
		D3D0BD6826587F1500CDF718 /* IronFist.json in Resources */ = {isa = PBXBuildFile; fileRef = D3D0BD6126587F1500CDF718 /* IronFist.json */; };
		D3D0BD6926587F1500CDF718 /* IronFistApp.swift in Sources */ = {isa = PBXBuildFile; fileRef = D3D0BD6226587F1500CDF718 /* IronFistApp.swift */; };
		D3D0BD6A26587F1500CDF718 /* IronFist.swift in Sources */ = {isa = PBXBuildFile; fileRef = D3D0BD6326587F1500CDF718 /* IronFist.swift */; };
		D3D0BD6C26587F1500CDF718 /* Bundle+Extensions.swift in Sources */ = {isa = PBXBuildFile; fileRef = D3D0BD6526587F1500CDF718 /* Bundle+Extensions.swift */; };
/* End PBXBuildFile section */

/* Begin PBXFileReference section */
		D35EEBE3265B0C0F008CE2E2 /* App-Debug.xcconfig */ = {isa = PBXFileReference; lastKnownFileType = text.xcconfig; path = "App-Debug.xcconfig"; sourceTree = "<group>"; };
		D35EEBE4265B0C0F008CE2E2 /* App-Release.xcconfig */ = {isa = PBXFileReference; lastKnownFileType = text.xcconfig; path = "App-Release.xcconfig"; sourceTree = "<group>"; };
		D35EEBE5265B0C0F008CE2E2 /* 2Common.xcconfig */ = {isa = PBXFileReference; lastKnownFileType = text.xcconfig; path = 2Common.xcconfig; sourceTree = "<group>"; };
		D35EEBE6265B0C0F008CE2E2 /* App-Shared.xcconfig */ = {isa = PBXFileReference; lastKnownFileType = text.xcconfig; path = "App-Shared.xcconfig"; sourceTree = "<group>"; };
		D35EEBE7265B0C0F008CE2E2 /* 1XcodeWarnings.xcconfig */ = {isa = PBXFileReference; lastKnownFileType = text.xcconfig; path = 1XcodeWarnings.xcconfig; sourceTree = "<group>"; };
		D3833DF426595C37006C6867 /* IronFistTest.json */ = {isa = PBXFileReference; fileEncoding = 4; lastKnownFileType = text.json; path = IronFistTest.json; sourceTree = "<group>"; };
		D3B6492D265BF1DB00FC88E4 /* SettingsView.swift */ = {isa = PBXFileReference; lastKnownFileType = sourcecode.swift; path = SettingsView.swift; sourceTree = "<group>"; };
		D3D0BD4D26587EE300CDF718 /* IronFist.app */ = {isa = PBXFileReference; explicitFileType = wrapper.application; includeInIndex = 0; path = IronFist.app; sourceTree = BUILT_PRODUCTS_DIR; };
		D3D0BD5426587EE400CDF718 /* Assets.xcassets */ = {isa = PBXFileReference; lastKnownFileType = folder.assetcatalog; path = Assets.xcassets; sourceTree = "<group>"; };
		D3D0BD5726587EE400CDF718 /* Preview Assets.xcassets */ = {isa = PBXFileReference; lastKnownFileType = folder.assetcatalog; path = "Preview Assets.xcassets"; sourceTree = "<group>"; };
		D3D0BD5926587EE400CDF718 /* Info.plist */ = {isa = PBXFileReference; lastKnownFileType = text.plist.xml; path = Info.plist; sourceTree = "<group>"; };
		D3D0BD5F26587F1500CDF718 /* ContentView.swift */ = {isa = PBXFileReference; fileEncoding = 4; lastKnownFileType = sourcecode.swift; path = ContentView.swift; sourceTree = "<group>"; };
		D3D0BD6026587F1500CDF718 /* IronFistController.swift */ = {isa = PBXFileReference; fileEncoding = 4; lastKnownFileType = sourcecode.swift; path = IronFistController.swift; sourceTree = "<group>"; };
		D3D0BD6126587F1500CDF718 /* IronFist.json */ = {isa = PBXFileReference; fileEncoding = 4; lastKnownFileType = text.json; path = IronFist.json; sourceTree = "<group>"; };
		D3D0BD6226587F1500CDF718 /* IronFistApp.swift */ = {isa = PBXFileReference; fileEncoding = 4; lastKnownFileType = sourcecode.swift; path = IronFistApp.swift; sourceTree = "<group>"; };
		D3D0BD6326587F1500CDF718 /* IronFist.swift */ = {isa = PBXFileReference; fileEncoding = 4; lastKnownFileType = sourcecode.swift; path = IronFist.swift; sourceTree = "<group>"; };
		D3D0BD6526587F1500CDF718 /* Bundle+Extensions.swift */ = {isa = PBXFileReference; fileEncoding = 4; lastKnownFileType = sourcecode.swift; path = "Bundle+Extensions.swift"; sourceTree = "<group>"; };
/* End PBXFileReference section */

/* Begin PBXFrameworksBuildPhase section */
		D3D0BD4A26587EE300CDF718 /* Frameworks */ = {
			isa = PBXFrameworksBuildPhase;
			buildActionMask = 2147483647;
			files = (
			);
			runOnlyForDeploymentPostprocessing = 0;
		};
/* End PBXFrameworksBuildPhase section */

/* Begin PBXGroup section */
		D35EEBE2265B0C0F008CE2E2 /* XCConfig */ = {
			isa = PBXGroup;
			children = (
				D35EEBE7265B0C0F008CE2E2 /* 1XcodeWarnings.xcconfig */,
				D35EEBE5265B0C0F008CE2E2 /* 2Common.xcconfig */,
				D35EEBE3265B0C0F008CE2E2 /* App-Debug.xcconfig */,
				D35EEBE4265B0C0F008CE2E2 /* App-Release.xcconfig */,
				D35EEBE6265B0C0F008CE2E2 /* App-Shared.xcconfig */,
			);
			path = XCConfig;
			sourceTree = "<group>";
		};
		D3D0BD4426587EE300CDF718 = {
			isa = PBXGroup;
			children = (
				D35EEBE2265B0C0F008CE2E2 /* XCConfig */,
				D3D0BD4F26587EE300CDF718 /* IronFist */,
				D3D0BD4E26587EE300CDF718 /* Products */,
			);
			sourceTree = "<group>";
		};
		D3D0BD4E26587EE300CDF718 /* Products */ = {
			isa = PBXGroup;
			children = (
				D3D0BD4D26587EE300CDF718 /* IronFist.app */,
			);
			name = Products;
			sourceTree = "<group>";
		};
		D3D0BD4F26587EE300CDF718 /* IronFist */ = {
			isa = PBXGroup;
			children = (
				D3D0BD6226587F1500CDF718 /* IronFistApp.swift */,
				D3D0BD5F26587F1500CDF718 /* ContentView.swift */,
				D3B6492D265BF1DB00FC88E4 /* SettingsView.swift */,
				D3D0BD6126587F1500CDF718 /* IronFist.json */,
				D3833DF426595C37006C6867 /* IronFistTest.json */,
				D3D0BD6326587F1500CDF718 /* IronFist.swift */,
				D3D0BD6026587F1500CDF718 /* IronFistController.swift */,
				D3D0BD6526587F1500CDF718 /* Bundle+Extensions.swift */,
				D3D0BD5426587EE400CDF718 /* Assets.xcassets */,
				D3D0BD5926587EE400CDF718 /* Info.plist */,
				D3D0BD5626587EE400CDF718 /* Preview Content */,
			);
			path = IronFist;
			sourceTree = "<group>";
		};
		D3D0BD5626587EE400CDF718 /* Preview Content */ = {
			isa = PBXGroup;
			children = (
				D3D0BD5726587EE400CDF718 /* Preview Assets.xcassets */,
			);
			path = "Preview Content";
			sourceTree = "<group>";
		};
/* End PBXGroup section */

/* Begin PBXNativeTarget section */
		D3D0BD4C26587EE300CDF718 /* IronFist */ = {
			isa = PBXNativeTarget;
			buildConfigurationList = D3D0BD5C26587EE400CDF718 /* Build configuration list for PBXNativeTarget "IronFist" */;
			buildPhases = (
				D3D0BD4926587EE300CDF718 /* Sources */,
				D3D0BD4A26587EE300CDF718 /* Frameworks */,
				D3D0BD4B26587EE300CDF718 /* Resources */,
			);
			buildRules = (
			);
			dependencies = (
			);
			name = IronFist;
			productName = IronFist;
			productReference = D3D0BD4D26587EE300CDF718 /* IronFist.app */;
			productType = "com.apple.product-type.application";
		};
/* End PBXNativeTarget section */

/* Begin PBXProject section */
		D3D0BD4526587EE300CDF718 /* Project object */ = {
			isa = PBXProject;
			attributes = {
				LastSwiftUpdateCheck = 1250;
				LastUpgradeCheck = 1250;
				TargetAttributes = {
					D3D0BD4C26587EE300CDF718 = {
						CreatedOnToolsVersion = 12.5;
						LastSwiftMigration = 1250;
					};
				};
			};
			buildConfigurationList = D3D0BD4826587EE300CDF718 /* Build configuration list for PBXProject "IronFist" */;
			compatibilityVersion = "Xcode 9.3";
			developmentRegion = en;
			hasScannedForEncodings = 0;
			knownRegions = (
				en,
				Base,
			);
			mainGroup = D3D0BD4426587EE300CDF718;
			productRefGroup = D3D0BD4E26587EE300CDF718 /* Products */;
			projectDirPath = "";
			projectRoot = "";
			targets = (
				D3D0BD4C26587EE300CDF718 /* IronFist */,
			);
		};
/* End PBXProject section */

/* Begin PBXResourcesBuildPhase section */
		D3D0BD4B26587EE300CDF718 /* Resources */ = {
			isa = PBXResourcesBuildPhase;
			buildActionMask = 2147483647;
			files = (
				D3D0BD5826587EE400CDF718 /* Preview Assets.xcassets in Resources */,
				D3D0BD6826587F1500CDF718 /* IronFist.json in Resources */,
				D3D0BD5526587EE400CDF718 /* Assets.xcassets in Resources */,
				D3833DF526595C37006C6867 /* IronFistTest.json in Resources */,
			);
			runOnlyForDeploymentPostprocessing = 0;
		};
/* End PBXResourcesBuildPhase section */

/* Begin PBXSourcesBuildPhase section */
		D3D0BD4926587EE300CDF718 /* Sources */ = {
			isa = PBXSourcesBuildPhase;
			buildActionMask = 2147483647;
			files = (
				D3D0BD6926587F1500CDF718 /* IronFistApp.swift in Sources */,
				D3D0BD6C26587F1500CDF718 /* Bundle+Extensions.swift in Sources */,
				D3D0BD6626587F1500CDF718 /* ContentView.swift in Sources */,
				D3B6492E265BF1DB00FC88E4 /* SettingsView.swift in Sources */,
				D3D0BD6726587F1500CDF718 /* IronFistController.swift in Sources */,
				D3D0BD6A26587F1500CDF718 /* IronFist.swift in Sources */,
			);
			runOnlyForDeploymentPostprocessing = 0;
		};
/* End PBXSourcesBuildPhase section */

/* Begin XCBuildConfiguration section */
		D3D0BD5A26587EE400CDF718 /* Debug */ = {
			isa = XCBuildConfiguration;
			buildSettings = {
			};
			name = Debug;
		};
		D3D0BD5B26587EE400CDF718 /* Release */ = {
			isa = XCBuildConfiguration;
			buildSettings = {
			};
			name = Release;
		};
		D3D0BD5D26587EE400CDF718 /* Debug */ = {
			isa = XCBuildConfiguration;
			baseConfigurationReference = D35EEBE3265B0C0F008CE2E2 /* App-Debug.xcconfig */;
			buildSettings = {
			};
			name = Debug;
		};
		D3D0BD5E26587EE400CDF718 /* Release */ = {
			isa = XCBuildConfiguration;
			baseConfigurationReference = D35EEBE4265B0C0F008CE2E2 /* App-Release.xcconfig */;
			buildSettings = {
			};
			name = Release;
		};
/* End XCBuildConfiguration section */

/* Begin XCConfigurationList section */
		D3D0BD4826587EE300CDF718 /* Build configuration list for PBXProject "IronFist" */ = {
			isa = XCConfigurationList;
			buildConfigurations = (
				D3D0BD5A26587EE400CDF718 /* Debug */,
				D3D0BD5B26587EE400CDF718 /* Release */,
			);
			defaultConfigurationIsVisible = 0;
			defaultConfigurationName = Release;
		};
		D3D0BD5C26587EE400CDF718 /* Build configuration list for PBXNativeTarget "IronFist" */ = {
			isa = XCConfigurationList;
			buildConfigurations = (
				D3D0BD5D26587EE400CDF718 /* Debug */,
				D3D0BD5E26587EE400CDF718 /* Release */,
			);
			defaultConfigurationIsVisible = 0;
			defaultConfigurationName = Release;
		};
/* End XCConfigurationList section */
	};
	rootObject = D3D0BD4526587EE300CDF718 /* Project object */;
}
